
Microsoft Visual Studio Solution File, Format Version 12.00
# Visual Studio Version 17
VisualStudioVersion = 17.7.34202.233
MinimumVisualStudioVersion = 10.0.40219.1
Project("{FAE04EC0-301F-11D3-BF4B-00C04F79EFBC}") = "Nistor_Anamaria_Lab2", "Nistor_Anamaria_Lab2.csproj", "{CDA6B85A-FBF1-4FDC-A499-F6F381B4E402}"
EndProject
Global
	GlobalSection(SolutionConfigurationPlatforms) = preSolution
		Debug|Any CPU = Debug|Any CPU
		Release|Any CPU = Release|Any CPU
	EndGlobalSection
	GlobalSection(ProjectConfigurationPlatforms) = postSolution
		{CDA6B85A-FBF1-4FDC-A499-F6F381B4E402}.Debug|Any CPU.ActiveCfg = Debug|Any CPU
		{CDA6B85A-FBF1-4FDC-A499-F6F381B4E402}.Debug|Any CPU.Build.0 = Debug|Any CPU
		{CDA6B85A-FBF1-4FDC-A499-F6F381B4E402}.Release|Any CPU.ActiveCfg = Release|Any CPU
		{CDA6B85A-FBF1-4FDC-A499-F6F381B4E402}.Release|Any CPU.Build.0 = Release|Any CPU
	EndGlobalSection
	GlobalSection(SolutionProperties) = preSolution
		HideSolutionNode = FALSE
	EndGlobalSection
	GlobalSection(ExtensibilityGlobals) = postSolution
		SolutionGuid = {073F276C-8823-4907-8968-855E81E384A4}
	EndGlobalSection
EndGlobal
